
Microsoft Visual Studio Solution File, Format Version 12.00
# Visual Studio 2013
VisualStudioVersion = 12.0.40629.0
MinimumVisualStudioVersion = 10.0.40219.1
Project("{FAE04EC0-301F-11D3-BF4B-00C04F79EFBC}") = "GUI", "GUI\GUI.csproj", "{DB73E320-A938-4016-B32D-23DD27E2E09A}"
EndProject
Project("{FAE04EC0-301F-11D3-BF4B-00C04F79EFBC}") = "DAL", "DAL\DAL.csproj", "{FF14D2DA-31CE-499C-B7D6-59387CFD5C78}"
EndProject
Project("{FAE04EC0-301F-11D3-BF4B-00C04F79EFBC}") = "BLL", "BLL\BLL.csproj", "{D9B45BCC-4C60-45B9-9351-59FE22A74537}"
EndProject
Project("{FAE04EC0-301F-11D3-BF4B-00C04F79EFBC}") = "DTO", "DTO\DTO.csproj", "{09B2D8F4-DA12-4488-8AF5-A063ABC991D2}"
EndProject
Global
	GlobalSection(SolutionConfigurationPlatforms) = preSolution
		Debug|Any CPU = Debug|Any CPU
		Release|Any CPU = Release|Any CPU
	EndGlobalSection
	GlobalSection(ProjectConfigurationPlatforms) = postSolution
		{DB73E320-A938-4016-B32D-23DD27E2E09A}.Debug|Any CPU.ActiveCfg = Debug|Any CPU
		{DB73E320-A938-4016-B32D-23DD27E2E09A}.Debug|Any CPU.Build.0 = Debug|Any CPU
		{DB73E320-A938-4016-B32D-23DD27E2E09A}.Release|Any CPU.ActiveCfg = Release|Any CPU
		{DB73E320-A938-4016-B32D-23DD27E2E09A}.Release|Any CPU.Build.0 = Release|Any CPU
		{FF14D2DA-31CE-499C-B7D6-59387CFD5C78}.Debug|Any CPU.ActiveCfg = Debug|Any CPU
		{FF14D2DA-31CE-499C-B7D6-59387CFD5C78}.Debug|Any CPU.Build.0 = Debug|Any CPU
		{FF14D2DA-31CE-499C-B7D6-59387CFD5C78}.Release|Any CPU.ActiveCfg = Release|Any CPU
		{FF14D2DA-31CE-499C-B7D6-59387CFD5C78}.Release|Any CPU.Build.0 = Release|Any CPU
		{D9B45BCC-4C60-45B9-9351-59FE22A74537}.Debug|Any CPU.ActiveCfg = Debug|Any CPU
		{D9B45BCC-4C60-45B9-9351-59FE22A74537}.Debug|Any CPU.Build.0 = Debug|Any CPU
		{D9B45BCC-4C60-45B9-9351-59FE22A74537}.Release|Any CPU.ActiveCfg = Release|Any CPU
		{D9B45BCC-4C60-45B9-9351-59FE22A74537}.Release|Any CPU.Build.0 = Release|Any CPU
		{09B2D8F4-DA12-4488-8AF5-A063ABC991D2}.Debug|Any CPU.ActiveCfg = Debug|Any CPU
		{09B2D8F4-DA12-4488-8AF5-A063ABC991D2}.Debug|Any CPU.Build.0 = Debug|Any CPU
		{09B2D8F4-DA12-4488-8AF5-A063ABC991D2}.Release|Any CPU.ActiveCfg = Release|Any CPU
		{09B2D8F4-DA12-4488-8AF5-A063ABC991D2}.Release|Any CPU.Build.0 = Release|Any CPU
	EndGlobalSection
	GlobalSection(SolutionProperties) = preSolution
		HideSolutionNode = FALSE
	EndGlobalSection
EndGlobal
